# THIS IS AN AUTOGENERATED FILE. DO NOT EDIT THIS FILE DIRECTLY.
# yarn lockfile v1


sortablejs@^1.7.0:
  version "1.7.0"
  resolved "https://registry.yarnpkg.com/sortablejs/-/sortablejs-1.7.0.tgz#80a2b2370abd568e1cec8c271131ef30a904fa28"

vuedraggable@^2.16.0:
  version "2.16.0"
  resolved "https://registry.yarnpkg.com/vuedraggable/-/vuedraggable-2.16.0.tgz#52127081a2adb3de5fabd214d404ff3eee63575a"
  dependencies:
    sortablejs "^1.7.0"
